{
  "name": "apii-app",
  "version": "1.0.0",
  "lockfileVersion": 1,
  "requires": true,
  "dependencies": {
    "@sentry/browser": {
      "version": "6.2.5",
      "resolved": "https://registry.npmjs.org/@sentry/browser/-/browser-6.2.5.tgz",
      "integrity": "sha512-nlvaE+D7oaj4MxoY9ikw+krQDOjftnDYJQnOwOraXPk7KYM6YwmkakLuE+x/AkaH3FQVTQF330VAa9d6SWETlA==",
      "requires": {
        "@sentry/core": "6.2.5",
        "@sentry/types": "6.2.5",
        "@sentry/utils": "6.2.5",
        "tslib": "^1.9.3"
      }
    },
    "@sentry/core": {
      "version": "6.2.5",
      "resolved": "https://registry.npmjs.org/@sentry/core/-/core-6.2.5.tgz",
      "integrity": "sha512-I+AkgIFO6sDUoHQticP6I27TT3L+i6TUS03in3IEtpBcSeP2jyhlxI8l/wdA7gsBqUPdQ4GHOOaNgtFIcr8qag==",
      "requires": {
        "@sentry/hub": "6.2.5",
        "@sentry/minimal": "6.2.5",
        "@sentry/types": "6.2.5",
        "@sentry/utils": "6.2.5",
        "tslib": "^1.9.3"
      }
    },
    "@sentry/hub": {
      "version": "6.2.5",
      "resolved": "https://registry.npmjs.org/@sentry/hub/-/hub-6.2.5.tgz",
      "integrity": "sha512-YlEFdEhcfqpl2HC+/dWXBsBJEljyMzFS7LRRjCk8QANcOdp9PhwQjwebUB4/ulOBjHPP2WZk7fBBd/IKDasTUg==",
      "requires": {
        "@sentry/types": "6.2.5",
        "@sentry/utils": "6.2.5",
        "tslib": "^1.9.3"
      }
    },
    "@sentry/minimal": {
      "version": "6.2.5",
      "resolved": "https://registry.npmjs.org/@sentry/minimal/-/minimal-6.2.5.tgz",
      "integrity": "sha512-RKP4Qx3p7Cv0oX1cPKAkNVFYM7p2k1t32cNk1+rrVQS4hwlJ7Eg6m6fsqsO+85jd6Ne/FnyYsfo9cDD3ImTlWQ==",
      "requires": {
        "@sentry/hub": "6.2.5",
        "@sentry/types": "6.2.5",
        "tslib": "^1.9.3"
      }
    },
    "@sentry/react": {
      "version": "6.2.5",
      "resolved": "https://registry.npmjs.org/@sentry/react/-/react-6.2.5.tgz",
      "integrity": "sha512-uYsLHUYMya2H9WtF5Eoy9WQ2SnuMDsW2q9kDpdW1A59kCKp4O1t6qEVvDyxkz8r+Mk+OhjmFdbX4F/H8KZMVBQ==",
      "requires": {
        "@sentry/browser": "6.2.5",
        "@sentry/minimal": "6.2.5",
        "@sentry/types": "6.2.5",
        "@sentry/utils": "6.2.5",
        "hoist-non-react-statics": "^3.3.2",
        "tslib": "^1.9.3"
      }
    },
    "@sentry/types": {
      "version": "6.2.5",
      "resolved": "https://registry.npmjs.org/@sentry/types/-/types-6.2.5.tgz",
      "integrity": "sha512-1Sux6CLYrV9bETMsGP/HuLFLouwKoX93CWzG8BjMueW+Di0OGxZphYjXrGuDs8xO8bAKEVGCHgVQdcB2jevS0w=="
    },
    "@sentry/utils": {
      "version": "6.2.5",
      "resolved": "https://registry.npmjs.org/@sentry/utils/-/utils-6.2.5.tgz",
      "integrity": "sha512-fJoLUZHrd5MPylV1dT4qL74yNFDl1Ur/dab+pKNSyvnHPnbZ/LRM7aJ8VaRY/A7ZdpRowU+E14e/Yeem2c6gtQ==",
      "requires": {
        "@sentry/types": "6.2.5",
        "tslib": "^1.9.3"
      }
    },
    "hoist-non-react-statics": {
      "version": "3.3.2",
      "resolved": "https://registry.npmjs.org/hoist-non-react-statics/-/hoist-non-react-statics-3.3.2.tgz",
      "integrity": "sha512-/gGivxi8JPKWNm/W0jSmzcMPpfpPLc3dY/6GxhX2hQ9iGj3aDfklV4ET7NjKpSinLpJ5vafa9iiGIEZg10SfBw==",
      "requires": {
        "react-is": "^16.7.0"
      }
    },
    "react-is": {
      "version": "16.13.1",
      "resolved": "https://registry.npmjs.org/react-is/-/react-is-16.13.1.tgz",
      "integrity": "sha512-24e6ynE2H+OKt4kqsOvNd8kBpV65zoxbA4BVsEOB3ARVWQki/DHzaUoC5KuON/BiccDaCCTZBuOcfZs70kR8bQ=="
    },
    "tslib": {
      "version": "1.14.1",
      "resolved": "https://registry.npmjs.org/tslib/-/tslib-1.14.1.tgz",
      "integrity": "sha512-Xni35NKzjgMrwevysHTCArtLDpPvye8zV/0E4EyYn43P7/7qvQwPh9BGkHewbMulVntbigmcT7rdX3BNo9wRJg=="
    }
  }
}
